<?xml version="1.0" encoding="utf-8"?>
<Project ToolsVersion="4.0" xmlns="http://schemas.microsoft.com/developer/msbuild/2003">
  <ItemGroup>
    <Filter Include="Source Files">
      <UniqueIdentifier>{4FC737F1-C7A5-4376-A066-2A32D752A2FF}</UniqueIdentifier>
      <Extensions>cpp;c;cc;cxx;def;odl;idl;hpj;bat;asm;asmx</Extensions>
    </Filter>
    <Filter Include="Header Files">
      <UniqueIdentifier>{93995380-89BD-4b04-88EB-625FBE52EBFB}</UniqueIdentifier>
      <Extensions>h;hh;hpp;hxx;hm;inl;inc;xsd</Extensions>
    </Filter>
    <Filter Include="Resource Files">
      <UniqueIdentifier>{67DA6AB6-F800-4c08-8B7A-83BB121AAD01}</UniqueIdentifier>
      <Extensions>qrc;rc;ico;cur;bmp;dlg;rc2;rct;bin;rgs;gif;jpg;jpeg;jpe;resx;tiff;tif;png;wav;mfcribbon-ms</Extensions>
    </Filter>
    <Filter Include="Form Files">
      <UniqueIdentifier>{99349809-55BA-4b9d-BF79-8FDBB0286EB3}</UniqueIdentifier>
      <Extensions>ui</Extensions>
    </Filter>
    <Filter Include="Translation Files">
      <UniqueIdentifier>{639EADAA-A684-42e4-A9AD-28FC9BCB8F7C}</UniqueIdentifier>
      <Extensions>ts</Extensions>
    </Filter>
    <Filter Include="Source Files\Repository">
      <UniqueIdentifier>{6279c55a-269b-4977-981f-33874f824a41}</UniqueIdentifier>
    </Filter>
    <Filter Include="Source Files\Service">
      <UniqueIdentifier>{9492b75e-b6d0-444b-97c5-fe76fca4c881}</UniqueIdentifier>
    </Filter>
    <Filter Include="Source Files\Validator">
      <UniqueIdentifier>{f2f293ef-49aa-4aac-ad6a-a6bc6930a10f}</UniqueIdentifier>
    </Filter>
    <Filter Include="Source Files\Tests">
      <UniqueIdentifier>{37ed9aad-f921-4ec6-846c-52200278e294}</UniqueIdentifier>
    </Filter>
    <Filter Include="Source Files\Domain">
      <UniqueIdentifier>{f62ea0b1-2e0b-4830-81e8-c6a9ad3c04df}</UniqueIdentifier>
    </Filter>
    <Filter Include="Source Files\CLI">
      <UniqueIdentifier>{3c036969-a09d-4230-8ad7-8c03c813a06f}</UniqueIdentifier>
    </Filter>
    <Filter Include="Source Files\GUI">
      <UniqueIdentifier>{ea75d049-308f-4e72-bc5f-7474b0d55836}</UniqueIdentifier>
    </Filter>
  </ItemGroup>
  <ItemGroup>
    <QtRcc Include="InchiriereFillmeGUI.qrc">
      <Filter>Resource Files</Filter>
    </QtRcc>
    <QtUic Include="InchiriereFillmeGUI.ui">
      <Filter>Form Files</Filter>
    </QtUic>
    <QtMoc Include="InchiriereFillmeGUI.h">
      <Filter>Header Files</Filter>
    </QtMoc>
  </ItemGroup>
  <ItemGroup>
    <ClCompile Include="main.cpp">
      <Filter>Source Files</Filter>
    </ClCompile>
    <ClCompile Include="repository.cpp">
      <Filter>Source Files\Repository</Filter>
    </ClCompile>
    <ClCompile Include="controller.cpp">
      <Filter>Source Files\Service</Filter>
    </ClCompile>
    <ClCompile Include="validator.cpp">
      <Filter>Source Files\Validator</Filter>
    </ClCompile>
    <ClCompile Include="tests.cpp">
      <Filter>Source Files\Tests</Filter>
    </ClCompile>
    <ClCompile Include="movie.cpp">
      <Filter>Source Files\Domain</Filter>
    </ClCompile>
    <ClCompile Include="console.cpp">
      <Filter>Source Files\CLI</Filter>
    </ClCompile>
    <ClCompile Include="gui.cpp">
      <Filter>Source Files\GUI</Filter>
    </ClCompile>
  </ItemGroup>
  <ItemGroup>
    <ClInclude Include="repository.h">
      <Filter>Source Files\Repository</Filter>
    </ClInclude>
    <ClInclude Include="controller.h">
      <Filter>Source Files\Service</Filter>
    </ClInclude>
    <ClInclude Include="validator.h">
      <Filter>Source Files\Validator</Filter>
    </ClInclude>
    <ClInclude Include="tests.h">
      <Filter>Source Files\Tests</Filter>
    </ClInclude>
    <ClInclude Include="movie.h">
      <Filter>Source Files\Domain</Filter>
    </ClInclude>
    <ClInclude Include="console.h">
      <Filter>Source Files\CLI</Filter>
    </ClInclude>
    <ClInclude Include="gui.h">
      <Filter>Source Files\GUI</Filter>
    </ClInclude>
  </ItemGroup>
  <ItemGroup>
    <Text Include="test.txt">
      <Filter>Source Files\Tests</Filter>
    </Text>
    <Text Include="movies.txt">
      <Filter>Source Files\Repository</Filter>
    </Text>
  </ItemGroup>
  <ItemGroup>
    <None Include="testCartFile.csv">
      <Filter>Source Files\Tests</Filter>
    </None>
    <None Include="myCart.csv">
      <Filter>Source Files\Repository</Filter>
    </None>
  </ItemGroup>
</Project>